
Microsoft Visual Studio Solution File, Format Version 12.00
# Visual Studio Version 16
VisualStudioVersion = 16.0.29613.14
MinimumVisualStudioVersion = 10.0.40219.1
Project("{FAE04EC0-301F-11D3-BF4B-00C04F79EFBC}") = "HormesaFILEIDS", "SolidDNA.WPF.Blank\HormesaFILEIDS.csproj", "{19BCBD7C-1518-4180-B118-7DF731D40E5C}"
EndProject
Project("{54435603-DBB4-11D2-8724-00A0C9A8B90C}") = "Installer", "Installer\Installer.vdproj", "{2A88F191-5AF6-41E0-95A6-3648B7A98C4A}"
EndProject
Project("{00D1A9C2-B5F0-4AF3-8072-F6C62B433612}") = "HormesaFILEIDSDB", "..\HormesaFILEIDSDB\HormesaFILEIDSDB.sqlproj", "{6623D3E8-D2D0-4E6D-BFF8-249BACD72980}"
EndProject
Global
	GlobalSection(SolutionConfigurationPlatforms) = preSolution
		Debug|Any CPU = Debug|Any CPU
		Release|Any CPU = Release|Any CPU
	EndGlobalSection
	GlobalSection(ProjectConfigurationPlatforms) = postSolution
		{19BCBD7C-1518-4180-B118-7DF731D40E5C}.Debug|Any CPU.ActiveCfg = Debug|Any CPU
		{19BCBD7C-1518-4180-B118-7DF731D40E5C}.Debug|Any CPU.Build.0 = Debug|Any CPU
		{19BCBD7C-1518-4180-B118-7DF731D40E5C}.Release|Any CPU.ActiveCfg = Release|Any CPU
		{19BCBD7C-1518-4180-B118-7DF731D40E5C}.Release|Any CPU.Build.0 = Release|Any CPU
		{2A88F191-5AF6-41E0-95A6-3648B7A98C4A}.Debug|Any CPU.ActiveCfg = Debug
		{2A88F191-5AF6-41E0-95A6-3648B7A98C4A}.Release|Any CPU.ActiveCfg = Release
		{2A88F191-5AF6-41E0-95A6-3648B7A98C4A}.Release|Any CPU.Build.0 = Release
		{6623D3E8-D2D0-4E6D-BFF8-249BACD72980}.Debug|Any CPU.ActiveCfg = Debug|Any CPU
		{6623D3E8-D2D0-4E6D-BFF8-249BACD72980}.Debug|Any CPU.Build.0 = Debug|Any CPU
		{6623D3E8-D2D0-4E6D-BFF8-249BACD72980}.Debug|Any CPU.Deploy.0 = Debug|Any CPU
		{6623D3E8-D2D0-4E6D-BFF8-249BACD72980}.Release|Any CPU.ActiveCfg = Release|Any CPU
		{6623D3E8-D2D0-4E6D-BFF8-249BACD72980}.Release|Any CPU.Build.0 = Release|Any CPU
		{6623D3E8-D2D0-4E6D-BFF8-249BACD72980}.Release|Any CPU.Deploy.0 = Release|Any CPU
	EndGlobalSection
	GlobalSection(SolutionProperties) = preSolution
		HideSolutionNode = FALSE
	EndGlobalSection
	GlobalSection(ExtensibilityGlobals) = postSolution
		SolutionGuid = {40936C4B-EC6C-4317-9E52-8A68096688EF}
	EndGlobalSection
EndGlobal
